// !$*UTF8*$!
{
	archiveVersion = 1;
	classes = {
	};
	objectVersion = 50;
	objects = {

/* Begin PBXBuildFile section */
		FCDD49AA25A35F7C001E53C1 /* FitnessDashboard WatchKit App.app in Embed Watch Content */ = {isa = PBXBuildFile; fileRef = FCDD49A925A35F7C001E53C1 /* FitnessDashboard WatchKit App.app */; settings = {ATTRIBUTES = (RemoveHeadersOnCopy, ); }; };
		FCDD49AF25A35F7D001E53C1 /* Assets.xcassets in Resources */ = {isa = PBXBuildFile; fileRef = FCDD49AE25A35F7D001E53C1 /* Assets.xcassets */; };
		FCDD49B625A35F7D001E53C1 /* FitnessDashboard WatchKit Extension.appex in Embed App Extensions */ = {isa = PBXBuildFile; fileRef = FCDD49B525A35F7D001E53C1 /* FitnessDashboard WatchKit Extension.appex */; settings = {ATTRIBUTES = (RemoveHeadersOnCopy, ); }; };
		FCDD49BB25A35F7D001E53C1 /* FitnessDashboardApp.swift in Sources */ = {isa = PBXBuildFile; fileRef = FCDD49BA25A35F7D001E53C1 /* FitnessDashboardApp.swift */; };
		FCDD49BD25A35F7D001E53C1 /* ContentView.swift in Sources */ = {isa = PBXBuildFile; fileRef = FCDD49BC25A35F7D001E53C1 /* ContentView.swift */; };
		FCDD49BF25A35F7D001E53C1 /* NotificationController.swift in Sources */ = {isa = PBXBuildFile; fileRef = FCDD49BE25A35F7D001E53C1 /* NotificationController.swift */; };
		FCDD49C125A35F7D001E53C1 /* NotificationView.swift in Sources */ = {isa = PBXBuildFile; fileRef = FCDD49C025A35F7D001E53C1 /* NotificationView.swift */; };
		FCDD49C325A35F7D001E53C1 /* ComplicationController.swift in Sources */ = {isa = PBXBuildFile; fileRef = FCDD49C225A35F7D001E53C1 /* ComplicationController.swift */; };
		FCDD49C525A35F7D001E53C1 /* Assets.xcassets in Resources */ = {isa = PBXBuildFile; fileRef = FCDD49C425A35F7D001E53C1 /* Assets.xcassets */; };
		FCDD49C825A35F7D001E53C1 /* Preview Assets.xcassets in Resources */ = {isa = PBXBuildFile; fileRef = FCDD49C725A35F7D001E53C1 /* Preview Assets.xcassets */; };
/* End PBXBuildFile section */

/* Begin PBXContainerItemProxy section */
		FCDD49AB25A35F7C001E53C1 /* PBXContainerItemProxy */ = {
			isa = PBXContainerItemProxy;
			containerPortal = FCDD499F25A35F7C001E53C1 /* Project object */;
			proxyType = 1;
			remoteGlobalIDString = FCDD49A825A35F7C001E53C1;
			remoteInfo = "FitnessDashboard WatchKit App";
		};
		FCDD49B725A35F7D001E53C1 /* PBXContainerItemProxy */ = {
			isa = PBXContainerItemProxy;
			containerPortal = FCDD499F25A35F7C001E53C1 /* Project object */;
			proxyType = 1;
			remoteGlobalIDString = FCDD49B425A35F7D001E53C1;
			remoteInfo = "FitnessDashboard WatchKit Extension";
		};
/* End PBXContainerItemProxy section */

/* Begin PBXCopyFilesBuildPhase section */
		FCDD49D025A35F7D001E53C1 /* Embed App Extensions */ = {
			isa = PBXCopyFilesBuildPhase;
			buildActionMask = 2147483647;
			dstPath = "";
			dstSubfolderSpec = 13;
			files = (
				FCDD49B625A35F7D001E53C1 /* FitnessDashboard WatchKit Extension.appex in Embed App Extensions */,
			);
			name = "Embed App Extensions";
			runOnlyForDeploymentPostprocessing = 0;
		};
		FCDD49D425A35F7D001E53C1 /* Embed Watch Content */ = {
			isa = PBXCopyFilesBuildPhase;
			buildActionMask = 2147483647;
			dstPath = "$(CONTENTS_FOLDER_PATH)/Watch";
			dstSubfolderSpec = 16;
			files = (
				FCDD49AA25A35F7C001E53C1 /* FitnessDashboard WatchKit App.app in Embed Watch Content */,
			);
			name = "Embed Watch Content";
			runOnlyForDeploymentPostprocessing = 0;
		};
/* End PBXCopyFilesBuildPhase section */

/* Begin PBXFileReference section */
		FCDD49A525A35F7C001E53C1 /* FitnessDashboard.app */ = {isa = PBXFileReference; explicitFileType = wrapper.application; includeInIndex = 0; path = FitnessDashboard.app; sourceTree = BUILT_PRODUCTS_DIR; };
		FCDD49A925A35F7C001E53C1 /* FitnessDashboard WatchKit App.app */ = {isa = PBXFileReference; explicitFileType = wrapper.application; includeInIndex = 0; path = "FitnessDashboard WatchKit App.app"; sourceTree = BUILT_PRODUCTS_DIR; };
		FCDD49AE25A35F7D001E53C1 /* Assets.xcassets */ = {isa = PBXFileReference; lastKnownFileType = folder.assetcatalog; path = Assets.xcassets; sourceTree = "<group>"; };
		FCDD49B025A35F7D001E53C1 /* Info.plist */ = {isa = PBXFileReference; lastKnownFileType = text.plist.xml; path = Info.plist; sourceTree = "<group>"; };
		FCDD49B525A35F7D001E53C1 /* FitnessDashboard WatchKit Extension.appex */ = {isa = PBXFileReference; explicitFileType = "wrapper.app-extension"; includeInIndex = 0; path = "FitnessDashboard WatchKit Extension.appex"; sourceTree = BUILT_PRODUCTS_DIR; };
		FCDD49BA25A35F7D001E53C1 /* FitnessDashboardApp.swift */ = {isa = PBXFileReference; lastKnownFileType = sourcecode.swift; path = FitnessDashboardApp.swift; sourceTree = "<group>"; };
		FCDD49BC25A35F7D001E53C1 /* ContentView.swift */ = {isa = PBXFileReference; lastKnownFileType = sourcecode.swift; path = ContentView.swift; sourceTree = "<group>"; };
		FCDD49BE25A35F7D001E53C1 /* NotificationController.swift */ = {isa = PBXFileReference; lastKnownFileType = sourcecode.swift; path = NotificationController.swift; sourceTree = "<group>"; };
		FCDD49C025A35F7D001E53C1 /* NotificationView.swift */ = {isa = PBXFileReference; lastKnownFileType = sourcecode.swift; path = NotificationView.swift; sourceTree = "<group>"; };
		FCDD49C225A35F7D001E53C1 /* ComplicationController.swift */ = {isa = PBXFileReference; lastKnownFileType = sourcecode.swift; path = ComplicationController.swift; sourceTree = "<group>"; };
		FCDD49C425A35F7D001E53C1 /* Assets.xcassets */ = {isa = PBXFileReference; lastKnownFileType = folder.assetcatalog; path = Assets.xcassets; sourceTree = "<group>"; };
		FCDD49C725A35F7D001E53C1 /* Preview Assets.xcassets */ = {isa = PBXFileReference; lastKnownFileType = folder.assetcatalog; path = "Preview Assets.xcassets"; sourceTree = "<group>"; };
		FCDD49C925A35F7D001E53C1 /* Info.plist */ = {isa = PBXFileReference; lastKnownFileType = text.plist.xml; path = Info.plist; sourceTree = "<group>"; };
		FCDD49CA25A35F7D001E53C1 /* PushNotificationPayload.apns */ = {isa = PBXFileReference; lastKnownFileType = text; path = PushNotificationPayload.apns; sourceTree = "<group>"; };
/* End PBXFileReference section */

/* Begin PBXFrameworksBuildPhase section */
		FCDD49B225A35F7D001E53C1 /* Frameworks */ = {
			isa = PBXFrameworksBuildPhase;
			buildActionMask = 2147483647;
			files = (
			);
			runOnlyForDeploymentPostprocessing = 0;
		};
/* End PBXFrameworksBuildPhase section */

/* Begin PBXGroup section */
		FCDD499E25A35F7C001E53C1 = {
			isa = PBXGroup;
			children = (
				FCDD49AD25A35F7C001E53C1 /* FitnessDashboard WatchKit App */,
				FCDD49B925A35F7D001E53C1 /* FitnessDashboard WatchKit Extension */,
				FCDD49A625A35F7C001E53C1 /* Products */,
			);
			sourceTree = "<group>";
		};
		FCDD49A625A35F7C001E53C1 /* Products */ = {
			isa = PBXGroup;
			children = (
				FCDD49A525A35F7C001E53C1 /* FitnessDashboard.app */,
				FCDD49A925A35F7C001E53C1 /* FitnessDashboard WatchKit App.app */,
				FCDD49B525A35F7D001E53C1 /* FitnessDashboard WatchKit Extension.appex */,
			);
			name = Products;
			sourceTree = "<group>";
		};
		FCDD49AD25A35F7C001E53C1 /* FitnessDashboard WatchKit App */ = {
			isa = PBXGroup;
			children = (
				FCDD49AE25A35F7D001E53C1 /* Assets.xcassets */,
				FCDD49B025A35F7D001E53C1 /* Info.plist */,
			);
			path = "FitnessDashboard WatchKit App";
			sourceTree = "<group>";
		};
		FCDD49B925A35F7D001E53C1 /* FitnessDashboard WatchKit Extension */ = {
			isa = PBXGroup;
			children = (
				FCDD49BA25A35F7D001E53C1 /* FitnessDashboardApp.swift */,
				FCDD49BC25A35F7D001E53C1 /* ContentView.swift */,
				FCDD49BE25A35F7D001E53C1 /* NotificationController.swift */,
				FCDD49C025A35F7D001E53C1 /* NotificationView.swift */,
				FCDD49C225A35F7D001E53C1 /* ComplicationController.swift */,
				FCDD49C425A35F7D001E53C1 /* Assets.xcassets */,
				FCDD49C925A35F7D001E53C1 /* Info.plist */,
				FCDD49CA25A35F7D001E53C1 /* PushNotificationPayload.apns */,
				FCDD49C625A35F7D001E53C1 /* Preview Content */,
			);
			path = "FitnessDashboard WatchKit Extension";
			sourceTree = "<group>";
		};
		FCDD49C625A35F7D001E53C1 /* Preview Content */ = {
			isa = PBXGroup;
			children = (
				FCDD49C725A35F7D001E53C1 /* Preview Assets.xcassets */,
			);
			path = "Preview Content";
			sourceTree = "<group>";
		};
/* End PBXGroup section */

/* Begin PBXNativeTarget section */
		FCDD49A425A35F7C001E53C1 /* FitnessDashboard */ = {
			isa = PBXNativeTarget;
			buildConfigurationList = FCDD49D525A35F7D001E53C1 /* Build configuration list for PBXNativeTarget "FitnessDashboard" */;
			buildPhases = (
				FCDD49A325A35F7C001E53C1 /* Resources */,
				FCDD49D425A35F7D001E53C1 /* Embed Watch Content */,
			);
			buildRules = (
			);
			dependencies = (
				FCDD49AC25A35F7C001E53C1 /* PBXTargetDependency */,
			);
			name = FitnessDashboard;
			productName = FitnessDashboard;
			productReference = FCDD49A525A35F7C001E53C1 /* FitnessDashboard.app */;
			productType = "com.apple.product-type.application.watchapp2-container";
		};
		FCDD49A825A35F7C001E53C1 /* FitnessDashboard WatchKit App */ = {
			isa = PBXNativeTarget;
			buildConfigurationList = FCDD49D125A35F7D001E53C1 /* Build configuration list for PBXNativeTarget "FitnessDashboard WatchKit App" */;
			buildPhases = (
				FCDD49A725A35F7C001E53C1 /* Resources */,
				FCDD49D025A35F7D001E53C1 /* Embed App Extensions */,
			);
			buildRules = (
			);
			dependencies = (
				FCDD49B825A35F7D001E53C1 /* PBXTargetDependency */,
			);
			name = "FitnessDashboard WatchKit App";
			productName = "FitnessDashboard WatchKit App";
			productReference = FCDD49A925A35F7C001E53C1 /* FitnessDashboard WatchKit App.app */;
			productType = "com.apple.product-type.application.watchapp2";
		};
		FCDD49B425A35F7D001E53C1 /* FitnessDashboard WatchKit Extension */ = {
			isa = PBXNativeTarget;
			buildConfigurationList = FCDD49CD25A35F7D001E53C1 /* Build configuration list for PBXNativeTarget "FitnessDashboard WatchKit Extension" */;
			buildPhases = (
				FCDD49B125A35F7D001E53C1 /* Sources */,
				FCDD49B225A35F7D001E53C1 /* Frameworks */,
				FCDD49B325A35F7D001E53C1 /* Resources */,
			);
			buildRules = (
			);
			dependencies = (
			);
			name = "FitnessDashboard WatchKit Extension";
			productName = "FitnessDashboard WatchKit Extension";
			productReference = FCDD49B525A35F7D001E53C1 /* FitnessDashboard WatchKit Extension.appex */;
			productType = "com.apple.product-type.watchkit2-extension";
		};
/* End PBXNativeTarget section */

/* Begin PBXProject section */
		FCDD499F25A35F7C001E53C1 /* Project object */ = {
			isa = PBXProject;
			attributes = {
				LastSwiftUpdateCheck = 1230;
				LastUpgradeCheck = 1230;
				TargetAttributes = {
					FCDD49A425A35F7C001E53C1 = {
						CreatedOnToolsVersion = 12.3;
					};
					FCDD49A825A35F7C001E53C1 = {
						CreatedOnToolsVersion = 12.3;
					};
					FCDD49B425A35F7D001E53C1 = {
						CreatedOnToolsVersion = 12.3;
					};
				};
			};
			buildConfigurationList = FCDD49A225A35F7C001E53C1 /* Build configuration list for PBXProject "FitnessDashboard" */;
			compatibilityVersion = "Xcode 9.3";
			developmentRegion = en;
			hasScannedForEncodings = 0;
			knownRegions = (
				en,
				Base,
			);
			mainGroup = FCDD499E25A35F7C001E53C1;
			productRefGroup = FCDD49A625A35F7C001E53C1 /* Products */;
			projectDirPath = "";
			projectRoot = "";
			targets = (
				FCDD49A425A35F7C001E53C1 /* FitnessDashboard */,
				FCDD49A825A35F7C001E53C1 /* FitnessDashboard WatchKit App */,
				FCDD49B425A35F7D001E53C1 /* FitnessDashboard WatchKit Extension */,
			);
		};
/* End PBXProject section */

/* Begin PBXResourcesBuildPhase section */
		FCDD49A325A35F7C001E53C1 /* Resources */ = {
			isa = PBXResourcesBuildPhase;
			buildActionMask = 2147483647;
			files = (
			);
			runOnlyForDeploymentPostprocessing = 0;
		};
		FCDD49A725A35F7C001E53C1 /* Resources */ = {
			isa = PBXResourcesBuildPhase;
			buildActionMask = 2147483647;
			files = (
				FCDD49AF25A35F7D001E53C1 /* Assets.xcassets in Resources */,
			);
			runOnlyForDeploymentPostprocessing = 0;
		};
		FCDD49B325A35F7D001E53C1 /* Resources */ = {
			isa = PBXResourcesBuildPhase;
			buildActionMask = 2147483647;
			files = (
				FCDD49C825A35F7D001E53C1 /* Preview Assets.xcassets in Resources */,
				FCDD49C525A35F7D001E53C1 /* Assets.xcassets in Resources */,
			);
			runOnlyForDeploymentPostprocessing = 0;
		};
/* End PBXResourcesBuildPhase section */

/* Begin PBXSourcesBuildPhase section */
		FCDD49B125A35F7D001E53C1 /* Sources */ = {
			isa = PBXSourcesBuildPhase;
			buildActionMask = 2147483647;
			files = (
				FCDD49BF25A35F7D001E53C1 /* NotificationController.swift in Sources */,
				FCDD49BD25A35F7D001E53C1 /* ContentView.swift in Sources */,
				FCDD49C325A35F7D001E53C1 /* ComplicationController.swift in Sources */,
				FCDD49BB25A35F7D001E53C1 /* FitnessDashboardApp.swift in Sources */,
				FCDD49C125A35F7D001E53C1 /* NotificationView.swift in Sources */,
			);
			runOnlyForDeploymentPostprocessing = 0;
		};
/* End PBXSourcesBuildPhase section */

/* Begin PBXTargetDependency section */
		FCDD49AC25A35F7C001E53C1 /* PBXTargetDependency */ = {
			isa = PBXTargetDependency;
			target = FCDD49A825A35F7C001E53C1 /* FitnessDashboard WatchKit App */;
			targetProxy = FCDD49AB25A35F7C001E53C1 /* PBXContainerItemProxy */;
		};
		FCDD49B825A35F7D001E53C1 /* PBXTargetDependency */ = {
			isa = PBXTargetDependency;
			target = FCDD49B425A35F7D001E53C1 /* FitnessDashboard WatchKit Extension */;
			targetProxy = FCDD49B725A35F7D001E53C1 /* PBXContainerItemProxy */;
		};
/* End PBXTargetDependency section */

/* Begin XCBuildConfiguration section */
		FCDD49CB25A35F7D001E53C1 /* Debug */ = {
			isa = XCBuildConfiguration;
			buildSettings = {
				ALWAYS_SEARCH_USER_PATHS = NO;
				CLANG_ANALYZER_NONNULL = YES;
				CLANG_ANALYZER_NUMBER_OBJECT_CONVERSION = YES_AGGRESSIVE;
				CLANG_CXX_LANGUAGE_STANDARD = "gnu++14";
				CLANG_CXX_LIBRARY = "libc++";
				CLANG_ENABLE_MODULES = YES;
				CLANG_ENABLE_OBJC_ARC = YES;
				CLANG_ENABLE_OBJC_WEAK = YES;
				CLANG_WARN_BLOCK_CAPTURE_AUTORELEASING = YES;
				CLANG_WARN_BOOL_CONVERSION = YES;
				CLANG_WARN_COMMA = YES;
				CLANG_WARN_CONSTANT_CONVERSION = YES;
				CLANG_WARN_DEPRECATED_OBJC_IMPLEMENTATIONS = YES;
				CLANG_WARN_DIRECT_OBJC_ISA_USAGE = YES_ERROR;
				CLANG_WARN_DOCUMENTATION_COMMENTS = YES;
				CLANG_WARN_EMPTY_BODY = YES;
				CLANG_WARN_ENUM_CONVERSION = YES;
				CLANG_WARN_INFINITE_RECURSION = YES;
				CLANG_WARN_INT_CONVERSION = YES;
				CLANG_WARN_NON_LITERAL_NULL_CONVERSION = YES;
				CLANG_WARN_OBJC_IMPLICIT_RETAIN_SELF = YES;
				CLANG_WARN_OBJC_LITERAL_CONVERSION = YES;
				CLANG_WARN_OBJC_ROOT_CLASS = YES_ERROR;
				CLANG_WARN_QUOTED_INCLUDE_IN_FRAMEWORK_HEADER = YES;
				CLANG_WARN_RANGE_LOOP_ANALYSIS = YES;
				CLANG_WARN_STRICT_PROTOTYPES = YES;
				CLANG_WARN_SUSPICIOUS_MOVE = YES;
				CLANG_WARN_UNGUARDED_AVAILABILITY = YES_AGGRESSIVE;
				CLANG_WARN_UNREACHABLE_CODE = YES;
				CLANG_WARN__DUPLICATE_METHOD_MATCH = YES;
				COPY_PHASE_STRIP = NO;
				DEBUG_INFORMATION_FORMAT = dwarf;
				ENABLE_STRICT_OBJC_MSGSEND = YES;
				ENABLE_TESTABILITY = YES;
				GCC_C_LANGUAGE_STANDARD = gnu11;
				GCC_DYNAMIC_NO_PIC = NO;
				GCC_NO_COMMON_BLOCKS = YES;
				GCC_OPTIMIZATION_LEVEL = 0;
				GCC_PREPROCESSOR_DEFINITIONS = (
					"DEBUG=1",
					"$(inherited)",
				);
				GCC_WARN_64_TO_32_BIT_CONVERSION = YES;
				GCC_WARN_ABOUT_RETURN_TYPE = YES_ERROR;
				GCC_WARN_UNDECLARED_SELECTOR = YES;
				GCC_WARN_UNINITIALIZED_AUTOS = YES_AGGRESSIVE;
				GCC_WARN_UNUSED_FUNCTION = YES;
				GCC_WARN_UNUSED_VARIABLE = YES;
				MTL_ENABLE_DEBUG_INFO = INCLUDE_SOURCE;
				MTL_FAST_MATH = YES;
				ONLY_ACTIVE_ARCH = YES;
				SDKROOT = iphoneos;
				SWIFT_ACTIVE_COMPILATION_CONDITIONS = DEBUG;
				SWIFT_OPTIMIZATION_LEVEL = "-Onone";
			};
			name = Debug;
		};
		FCDD49CC25A35F7D001E53C1 /* Release */ = {
			isa = XCBuildConfiguration;
			buildSettings = {
				ALWAYS_SEARCH_USER_PATHS = NO;
				CLANG_ANALYZER_NONNULL = YES;
				CLANG_ANALYZER_NUMBER_OBJECT_CONVERSION = YES_AGGRESSIVE;
				CLANG_CXX_LANGUAGE_STANDARD = "gnu++14";
				CLANG_CXX_LIBRARY = "libc++";
				CLANG_ENABLE_MODULES = YES;
				CLANG_ENABLE_OBJC_ARC = YES;
				CLANG_ENABLE_OBJC_WEAK = YES;
				CLANG_WARN_BLOCK_CAPTURE_AUTORELEASING = YES;
				CLANG_WARN_BOOL_CONVERSION = YES;
				CLANG_WARN_COMMA = YES;
				CLANG_WARN_CONSTANT_CONVERSION = YES;
				CLANG_WARN_DEPRECATED_OBJC_IMPLEMENTATIONS = YES;
				CLANG_WARN_DIRECT_OBJC_ISA_USAGE = YES_ERROR;
				CLANG_WARN_DOCUMENTATION_COMMENTS = YES;
				CLANG_WARN_EMPTY_BODY = YES;
				CLANG_WARN_ENUM_CONVERSION = YES;
				CLANG_WARN_INFINITE_RECURSION = YES;
				CLANG_WARN_INT_CONVERSION = YES;
				CLANG_WARN_NON_LITERAL_NULL_CONVERSION = YES;
				CLANG_WARN_OBJC_IMPLICIT_RETAIN_SELF = YES;
				CLANG_WARN_OBJC_LITERAL_CONVERSION = YES;
				CLANG_WARN_OBJC_ROOT_CLASS = YES_ERROR;
				CLANG_WARN_QUOTED_INCLUDE_IN_FRAMEWORK_HEADER = YES;
				CLANG_WARN_RANGE_LOOP_ANALYSIS = YES;
				CLANG_WARN_STRICT_PROTOTYPES = YES;
				CLANG_WARN_SUSPICIOUS_MOVE = YES;
				CLANG_WARN_UNGUARDED_AVAILABILITY = YES_AGGRESSIVE;
				CLANG_WARN_UNREACHABLE_CODE = YES;
				CLANG_WARN__DUPLICATE_METHOD_MATCH = YES;
				COPY_PHASE_STRIP = NO;
				DEBUG_INFORMATION_FORMAT = "dwarf-with-dsym";
				ENABLE_NS_ASSERTIONS = NO;
				ENABLE_STRICT_OBJC_MSGSEND = YES;
				GCC_C_LANGUAGE_STANDARD = gnu11;
				GCC_NO_COMMON_BLOCKS = YES;
				GCC_WARN_64_TO_32_BIT_CONVERSION = YES;
				GCC_WARN_ABOUT_RETURN_TYPE = YES_ERROR;
				GCC_WARN_UNDECLARED_SELECTOR = YES;
				GCC_WARN_UNINITIALIZED_AUTOS = YES_AGGRESSIVE;
				GCC_WARN_UNUSED_FUNCTION = YES;
				GCC_WARN_UNUSED_VARIABLE = YES;
				MTL_ENABLE_DEBUG_INFO = NO;
				MTL_FAST_MATH = YES;
				SDKROOT = iphoneos;
				SWIFT_COMPILATION_MODE = wholemodule;
				SWIFT_OPTIMIZATION_LEVEL = "-O";
				VALIDATE_PRODUCT = YES;
			};
			name = Release;
		};
		FCDD49CE25A35F7D001E53C1 /* Debug */ = {
			isa = XCBuildConfiguration;
			buildSettings = {
				ASSETCATALOG_COMPILER_COMPLICATION_NAME = Complication;
				CODE_SIGN_STYLE = Automatic;
				DEVELOPMENT_ASSET_PATHS = "\"FitnessDashboard WatchKit Extension/Preview Content\"";
				DEVELOPMENT_TEAM = 6N377BRGHL;
				ENABLE_PREVIEWS = YES;
				INFOPLIST_FILE = "FitnessDashboard WatchKit Extension/Info.plist";
				LD_RUNPATH_SEARCH_PATHS = (
					"$(inherited)",
					"@executable_path/Frameworks",
					"@executable_path/../../Frameworks",
				);
				PRODUCT_BUNDLE_IDENTIFIER = Berend.FitnessDashboard.watchkitapp.watchkitextension;
				PRODUCT_NAME = "${TARGET_NAME}";
				SDKROOT = watchos;
				SKIP_INSTALL = YES;
				SWIFT_VERSION = 5.0;
				TARGETED_DEVICE_FAMILY = 4;
				WATCHOS_DEPLOYMENT_TARGET = 7.2;
			};
			name = Debug;
		};
		FCDD49CF25A35F7D001E53C1 /* Release */ = {
			isa = XCBuildConfiguration;
			buildSettings = {
				ASSETCATALOG_COMPILER_COMPLICATION_NAME = Complication;
				CODE_SIGN_STYLE = Automatic;
				DEVELOPMENT_ASSET_PATHS = "\"FitnessDashboard WatchKit Extension/Preview Content\"";
				DEVELOPMENT_TEAM = 6N377BRGHL;
				ENABLE_PREVIEWS = YES;
				INFOPLIST_FILE = "FitnessDashboard WatchKit Extension/Info.plist";
				LD_RUNPATH_SEARCH_PATHS = (
					"$(inherited)",
					"@executable_path/Frameworks",
					"@executable_path/../../Frameworks",
				);
				PRODUCT_BUNDLE_IDENTIFIER = Berend.FitnessDashboard.watchkitapp.watchkitextension;
				PRODUCT_NAME = "${TARGET_NAME}";
				SDKROOT = watchos;
				SKIP_INSTALL = YES;
				SWIFT_VERSION = 5.0;
				TARGETED_DEVICE_FAMILY = 4;
				WATCHOS_DEPLOYMENT_TARGET = 7.2;
			};
			name = Release;
		};
		FCDD49D225A35F7D001E53C1 /* Debug */ = {
			isa = XCBuildConfiguration;
			buildSettings = {
				ALWAYS_EMBED_SWIFT_STANDARD_LIBRARIES = YES;
				ASSETCATALOG_COMPILER_APPICON_NAME = AppIcon;
				ASSETCATALOG_COMPILER_GLOBAL_ACCENT_COLOR_NAME = AccentColor;
				CODE_SIGN_STYLE = Automatic;
				DEVELOPMENT_TEAM = 6N377BRGHL;
				IBSC_MODULE = FitnessDashboard_WatchKit_Extension;
				INFOPLIST_FILE = "FitnessDashboard WatchKit App/Info.plist";
				PRODUCT_BUNDLE_IDENTIFIER = Berend.FitnessDashboard.watchkitapp;
				PRODUCT_NAME = "$(TARGET_NAME)";
				SDKROOT = watchos;
				SKIP_INSTALL = YES;
				SWIFT_VERSION = 5.0;
				TARGETED_DEVICE_FAMILY = 4;
				WATCHOS_DEPLOYMENT_TARGET = 7.2;
			};
			name = Debug;
		};
		FCDD49D325A35F7D001E53C1 /* Release */ = {
			isa = XCBuildConfiguration;
			buildSettings = {
				ALWAYS_EMBED_SWIFT_STANDARD_LIBRARIES = YES;
				ASSETCATALOG_COMPILER_APPICON_NAME = AppIcon;
				ASSETCATALOG_COMPILER_GLOBAL_ACCENT_COLOR_NAME = AccentColor;
				CODE_SIGN_STYLE = Automatic;
				DEVELOPMENT_TEAM = 6N377BRGHL;
				IBSC_MODULE = FitnessDashboard_WatchKit_Extension;
				INFOPLIST_FILE = "FitnessDashboard WatchKit App/Info.plist";
				PRODUCT_BUNDLE_IDENTIFIER = Berend.FitnessDashboard.watchkitapp;
				PRODUCT_NAME = "$(TARGET_NAME)";
				SDKROOT = watchos;
				SKIP_INSTALL = YES;
				SWIFT_VERSION = 5.0;
				TARGETED_DEVICE_FAMILY = 4;
				WATCHOS_DEPLOYMENT_TARGET = 7.2;
			};
			name = Release;
		};
		FCDD49D625A35F7D001E53C1 /* Debug */ = {
			isa = XCBuildConfiguration;
			buildSettings = {
				CODE_SIGN_STYLE = Automatic;
				CURRENT_PROJECT_VERSION = 1;
				DEVELOPMENT_TEAM = 6N377BRGHL;
				MARKETING_VERSION = 1.0;
				PRODUCT_BUNDLE_IDENTIFIER = Berend.FitnessDashboard;
				PRODUCT_NAME = "$(TARGET_NAME)";
				SWIFT_VERSION = 5.0;
			};
			name = Debug;
		};
		FCDD49D725A35F7D001E53C1 /* Release */ = {
			isa = XCBuildConfiguration;
			buildSettings = {
				CODE_SIGN_STYLE = Automatic;
				CURRENT_PROJECT_VERSION = 1;
				DEVELOPMENT_TEAM = 6N377BRGHL;
				MARKETING_VERSION = 1.0;
				PRODUCT_BUNDLE_IDENTIFIER = Berend.FitnessDashboard;
				PRODUCT_NAME = "$(TARGET_NAME)";
				SWIFT_VERSION = 5.0;
			};
			name = Release;
		};
/* End XCBuildConfiguration section */

/* Begin XCConfigurationList section */
		FCDD49A225A35F7C001E53C1 /* Build configuration list for PBXProject "FitnessDashboard" */ = {
			isa = XCConfigurationList;
			buildConfigurations = (
				FCDD49CB25A35F7D001E53C1 /* Debug */,
				FCDD49CC25A35F7D001E53C1 /* Release */,
			);
			defaultConfigurationIsVisible = 0;
			defaultConfigurationName = Release;
		};
		FCDD49CD25A35F7D001E53C1 /* Build configuration list for PBXNativeTarget "FitnessDashboard WatchKit Extension" */ = {
			isa = XCConfigurationList;
			buildConfigurations = (
				FCDD49CE25A35F7D001E53C1 /* Debug */,
				FCDD49CF25A35F7D001E53C1 /* Release */,
			);
			defaultConfigurationIsVisible = 0;
			defaultConfigurationName = Release;
		};
		FCDD49D125A35F7D001E53C1 /* Build configuration list for PBXNativeTarget "FitnessDashboard WatchKit App" */ = {
			isa = XCConfigurationList;
			buildConfigurations = (
				FCDD49D225A35F7D001E53C1 /* Debug */,
				FCDD49D325A35F7D001E53C1 /* Release */,
			);
			defaultConfigurationIsVisible = 0;
			defaultConfigurationName = Release;
		};
		FCDD49D525A35F7D001E53C1 /* Build configuration list for PBXNativeTarget "FitnessDashboard" */ = {
			isa = XCConfigurationList;
			buildConfigurations = (
				FCDD49D625A35F7D001E53C1 /* Debug */,
				FCDD49D725A35F7D001E53C1 /* Release */,
			);
			defaultConfigurationIsVisible = 0;
			defaultConfigurationName = Release;
		};
/* End XCConfigurationList section */
	};
	rootObject = FCDD499F25A35F7C001E53C1 /* Project object */;
}
